
Microsoft Visual Studio Solution File, Format Version 11.00
# Visual Studio 2010
Project("{8BC9CEB8-8B4A-11D0-8D11-00A0C91BC942}") = "FourSqFinal", "FourSqFinal\FourSqFinal.vcxproj", "{3280BC47-E391-4CA4-B570-6996F96A2F47}"
EndProject
Project("{8BC9CEB8-8B4A-11D0-8D11-00A0C91BC942}") = "JSONReader", "JSONReader\JSONReader.vcxproj", "{7560BBF2-AC10-4878-8316-31F2DE7FDA0C}"
EndProject
Project("{8BC9CEB8-8B4A-11D0-8D11-00A0C91BC942}") = "string_map", "string_map\string_map.vcxproj", "{FA0D8648-25E4-43FF-8BC2-38C829092537}"
EndProject
Project("{8BC9CEB8-8B4A-11D0-8D11-00A0C91BC942}") = "calc_sim", "calc_sim\calc_sim.vcxproj", "{C5492C94-6BCA-4978-94E7-2E8FA8FB6807}"
EndProject
Project("{8BC9CEB8-8B4A-11D0-8D11-00A0C91BC942}") = "collection_of_state", "collection_of_state\collection_of_state.vcxproj", "{B674FDF7-53F1-4F44-9FC4-2F6BE07E3A88}"
EndProject
Project("{FAE04EC0-301F-11D3-BF4B-00C04F79EFBC}") = "StateSearch", "StateSearch\StateSearch.csproj", "{758A95B0-3E1D-44E8-AF1E-E2C92A8C06ED}"
EndProject
Global
	GlobalSection(SolutionConfigurationPlatforms) = preSolution
		Debug|Mixed Platforms = Debug|Mixed Platforms
		Debug|Win32 = Debug|Win32
		Debug|x86 = Debug|x86
		Release|Mixed Platforms = Release|Mixed Platforms
		Release|Win32 = Release|Win32
		Release|x86 = Release|x86
	EndGlobalSection
	GlobalSection(ProjectConfigurationPlatforms) = postSolution
		{3280BC47-E391-4CA4-B570-6996F96A2F47}.Debug|Mixed Platforms.ActiveCfg = Debug|Win32
		{3280BC47-E391-4CA4-B570-6996F96A2F47}.Debug|Mixed Platforms.Build.0 = Debug|Win32
		{3280BC47-E391-4CA4-B570-6996F96A2F47}.Debug|Win32.ActiveCfg = Debug|Win32
		{3280BC47-E391-4CA4-B570-6996F96A2F47}.Debug|Win32.Build.0 = Debug|Win32
		{3280BC47-E391-4CA4-B570-6996F96A2F47}.Debug|x86.ActiveCfg = Debug|Win32
		{3280BC47-E391-4CA4-B570-6996F96A2F47}.Release|Mixed Platforms.ActiveCfg = Release|Win32
		{3280BC47-E391-4CA4-B570-6996F96A2F47}.Release|Mixed Platforms.Build.0 = Release|Win32
		{3280BC47-E391-4CA4-B570-6996F96A2F47}.Release|Win32.ActiveCfg = Release|Win32
		{3280BC47-E391-4CA4-B570-6996F96A2F47}.Release|Win32.Build.0 = Release|Win32
		{3280BC47-E391-4CA4-B570-6996F96A2F47}.Release|x86.ActiveCfg = Release|Win32
		{7560BBF2-AC10-4878-8316-31F2DE7FDA0C}.Debug|Mixed Platforms.ActiveCfg = Debug|Win32
		{7560BBF2-AC10-4878-8316-31F2DE7FDA0C}.Debug|Mixed Platforms.Build.0 = Debug|Win32
		{7560BBF2-AC10-4878-8316-31F2DE7FDA0C}.Debug|Win32.ActiveCfg = Debug|Win32
		{7560BBF2-AC10-4878-8316-31F2DE7FDA0C}.Debug|Win32.Build.0 = Debug|Win32
		{7560BBF2-AC10-4878-8316-31F2DE7FDA0C}.Debug|x86.ActiveCfg = Debug|Win32
		{7560BBF2-AC10-4878-8316-31F2DE7FDA0C}.Release|Mixed Platforms.ActiveCfg = Release|Win32
		{7560BBF2-AC10-4878-8316-31F2DE7FDA0C}.Release|Mixed Platforms.Build.0 = Release|Win32
		{7560BBF2-AC10-4878-8316-31F2DE7FDA0C}.Release|Win32.ActiveCfg = Release|Win32
		{7560BBF2-AC10-4878-8316-31F2DE7FDA0C}.Release|Win32.Build.0 = Release|Win32
		{7560BBF2-AC10-4878-8316-31F2DE7FDA0C}.Release|x86.ActiveCfg = Release|Win32
		{FA0D8648-25E4-43FF-8BC2-38C829092537}.Debug|Mixed Platforms.ActiveCfg = Debug|Win32
		{FA0D8648-25E4-43FF-8BC2-38C829092537}.Debug|Mixed Platforms.Build.0 = Debug|Win32
		{FA0D8648-25E4-43FF-8BC2-38C829092537}.Debug|Win32.ActiveCfg = Debug|Win32
		{FA0D8648-25E4-43FF-8BC2-38C829092537}.Debug|Win32.Build.0 = Debug|Win32
		{FA0D8648-25E4-43FF-8BC2-38C829092537}.Debug|x86.ActiveCfg = Debug|Win32
		{FA0D8648-25E4-43FF-8BC2-38C829092537}.Release|Mixed Platforms.ActiveCfg = Release|Win32
		{FA0D8648-25E4-43FF-8BC2-38C829092537}.Release|Mixed Platforms.Build.0 = Release|Win32
		{FA0D8648-25E4-43FF-8BC2-38C829092537}.Release|Win32.ActiveCfg = Release|Win32
		{FA0D8648-25E4-43FF-8BC2-38C829092537}.Release|Win32.Build.0 = Release|Win32
		{FA0D8648-25E4-43FF-8BC2-38C829092537}.Release|x86.ActiveCfg = Release|Win32
		{C5492C94-6BCA-4978-94E7-2E8FA8FB6807}.Debug|Mixed Platforms.ActiveCfg = Debug|Win32
		{C5492C94-6BCA-4978-94E7-2E8FA8FB6807}.Debug|Mixed Platforms.Build.0 = Debug|Win32
		{C5492C94-6BCA-4978-94E7-2E8FA8FB6807}.Debug|Win32.ActiveCfg = Debug|Win32
		{C5492C94-6BCA-4978-94E7-2E8FA8FB6807}.Debug|Win32.Build.0 = Debug|Win32
		{C5492C94-6BCA-4978-94E7-2E8FA8FB6807}.Debug|x86.ActiveCfg = Debug|Win32
		{C5492C94-6BCA-4978-94E7-2E8FA8FB6807}.Release|Mixed Platforms.ActiveCfg = Release|Win32
		{C5492C94-6BCA-4978-94E7-2E8FA8FB6807}.Release|Mixed Platforms.Build.0 = Release|Win32
		{C5492C94-6BCA-4978-94E7-2E8FA8FB6807}.Release|Win32.ActiveCfg = Release|Win32
		{C5492C94-6BCA-4978-94E7-2E8FA8FB6807}.Release|Win32.Build.0 = Release|Win32
		{C5492C94-6BCA-4978-94E7-2E8FA8FB6807}.Release|x86.ActiveCfg = Release|Win32
		{B674FDF7-53F1-4F44-9FC4-2F6BE07E3A88}.Debug|Mixed Platforms.ActiveCfg = Debug|Win32
		{B674FDF7-53F1-4F44-9FC4-2F6BE07E3A88}.Debug|Mixed Platforms.Build.0 = Debug|Win32
		{B674FDF7-53F1-4F44-9FC4-2F6BE07E3A88}.Debug|Win32.ActiveCfg = Debug|Win32
		{B674FDF7-53F1-4F44-9FC4-2F6BE07E3A88}.Debug|Win32.Build.0 = Debug|Win32
		{B674FDF7-53F1-4F44-9FC4-2F6BE07E3A88}.Debug|x86.ActiveCfg = Debug|Win32
		{B674FDF7-53F1-4F44-9FC4-2F6BE07E3A88}.Release|Mixed Platforms.ActiveCfg = Release|Win32
		{B674FDF7-53F1-4F44-9FC4-2F6BE07E3A88}.Release|Mixed Platforms.Build.0 = Release|Win32
		{B674FDF7-53F1-4F44-9FC4-2F6BE07E3A88}.Release|Win32.ActiveCfg = Release|Win32
		{B674FDF7-53F1-4F44-9FC4-2F6BE07E3A88}.Release|Win32.Build.0 = Release|Win32
		{B674FDF7-53F1-4F44-9FC4-2F6BE07E3A88}.Release|x86.ActiveCfg = Release|Win32
		{758A95B0-3E1D-44E8-AF1E-E2C92A8C06ED}.Debug|Mixed Platforms.ActiveCfg = Debug|x86
		{758A95B0-3E1D-44E8-AF1E-E2C92A8C06ED}.Debug|Mixed Platforms.Build.0 = Debug|x86
		{758A95B0-3E1D-44E8-AF1E-E2C92A8C06ED}.Debug|Win32.ActiveCfg = Debug|x86
		{758A95B0-3E1D-44E8-AF1E-E2C92A8C06ED}.Debug|x86.ActiveCfg = Debug|x86
		{758A95B0-3E1D-44E8-AF1E-E2C92A8C06ED}.Debug|x86.Build.0 = Debug|x86
		{758A95B0-3E1D-44E8-AF1E-E2C92A8C06ED}.Release|Mixed Platforms.ActiveCfg = Release|x86
		{758A95B0-3E1D-44E8-AF1E-E2C92A8C06ED}.Release|Mixed Platforms.Build.0 = Release|x86
		{758A95B0-3E1D-44E8-AF1E-E2C92A8C06ED}.Release|Win32.ActiveCfg = Release|x86
		{758A95B0-3E1D-44E8-AF1E-E2C92A8C06ED}.Release|x86.ActiveCfg = Release|x86
		{758A95B0-3E1D-44E8-AF1E-E2C92A8C06ED}.Release|x86.Build.0 = Release|x86
	EndGlobalSection
	GlobalSection(SolutionProperties) = preSolution
		HideSolutionNode = FALSE
	EndGlobalSection
EndGlobal
